github.com/TheCacophonyProject/go-cptv v0.0.0-20190522012101-cfce3277dd0d h1:PlyFODiyyxPn/9INRoouq9xVoHjQNckaU1/Za6ztLIg=
github.com/TheCacophonyProject/go-cptv v0.0.0-20190522012101-cfce3277dd0d/go.mod h1:0G8yHs+MtBkSFuZ9Hc8ju120G00x4SaUmnwaOhBBosQ=
github.com/TheCacophonyProject/lepton3 v0.0.0-20190715012645-46e70a4e1b3f h1:2sTJ2R1hs6dzJv2PZKIAoYamBFQQAsXjnmDvo1GXKfg=
github.com/TheCacophonyProject/lepton3 v0.0.0-20190715012645-46e70a4e1b3f/go.mod h1:yShL/C1UD2IGzlXF1qmH7EfIPdRkzaK4kShR65/l0As=
github.com/TheCacophonyProject/periph v2.0.1-0.20171123021141-d06ef89e37e8+incompatible h1:HNEla6Hv+j5M3rdH4D+1MTZeVhsyi17zqpvl998/ssI=
github.com/TheCacophonyProject/periph v2.0.1-0.20171123021141-d06ef89e37e8+incompatible/go.mod h1:K1wa07sGXKzV0G9p+4R069mZk4GOpqKW8GU6/k+BrIo=
github.com/TheCacophonyProject/window v0.0.0-20180925042134-4e43785eca90 h1:AhYAKV2RR5dKB4gBook9qrMnk0SqgFAJfFaX0UR51ho=
github.com/TheCacophonyProject/window v0.0.0-20180925042134-4e43785eca90/go.mod h1:Vww417iimOb0s46Ndsm8U/vYtwc0dZUet4uW8QzBo4M=
github.com/alexflint/go-arg v0.0.0-20180516182405-f7c0423bd11e h1:dzrBxLIjiq17Da9DhY3svGRhptiUg1LUzdkOuFYjAzA=
github.com/alexflint/go-arg v0.0.0-20180516182405-f7c0423bd11e/go.mod h1:PHxo6ZWOLVMZZgWSAqBynb/KhIqoGO6WKwOVX7rM9dg=
github.com/alexflint/go-scalar v0.0.0-20170216020425-e80c3b7ed292 h1:0YTMOir1UPjebSvNmIrEKO9FFd+RZc1wwZHUrxfn4BI=
github.com/alexflint/go-scalar v0.0.0-20170216020425-e80c3b7ed292/go.mod h1:dgifnFPveotJNpwJdl1hDPu5vSuqVVUPIr3isfcvgBA=
github.com/coreos/go-systemd v0.0.0-20180511133405-39ca1b05acc7 h1:u9SHYsPQNyt5tgDm3YN7+9dYrpK96E5wFilTFWIDZOM=
github.com/coreos/go-systemd v0.0.0-20180511133405-39ca1b05acc7/go.mod h1:F5haX7vjVVG0kc13fIWeqUViNPyEJxv/OmvnBo0Yme4=
github.com/davecgh/go-spew v1.1.0 h1:ZDRjVQ15GmhC3fiQ8ni8+OwkZQO4DARzQgrnXU1Liz8=
github.com/davecgh/go-spew v1.1.0/go.mod h1:J7Y8YcW2NihsgmVo/mv3lAwl/skON4iLHjSsI+c5H38=
github.com/felixge/pidctrl v0.0.0-20160307080219-7b13bcae7243 h1:QMnlBy37k7MuFqwzUQsbsALRyoKQidWlOv5zNUmqj3w=
github.com/felixge/pidctrl v0.0.0-20160307080219-7b13bcae7243/go.mod h1:YjeiQT/MWPDtPKgk/UAVJ9ZvZLSczA9gobU202W8gPY=
github.com/godbus/dbus v4.1.0+incompatible h1:WqqLRTsQic3apZUK9qC5sGNfXthmPXzUZ7nQPrNITa4=
github.com/godbus/dbus v4.1.0+incompatible/go.mod h1:/YcGZj5zSblfDWMMoOzV4fas9FZnQYTkDnsGvmh2Grw=
github.com/nathan-osman/go-sunrise v0.0.0-20171121204956-7c449e7c690b h1:nWQAhkNZTyV8tfXIpwSGm97Pd0mM1y9tutJiyWoEhw0=
github.com/nathan-osman/go-sunrise v0.0.0-20171121204956-7c449e7c690b/go.mod h1:kCE4+NvReDuwiJGk03l6QONGmYy805GQP3xGcCm8cBg=
github.com/pmezard/go-difflib v1.0.0 h1:4DBwDE0NGyQoBHbLQYPwSUPoCMWR5BEzIk/f1lZbAQM=
github.com/pmezard/go-difflib v1.0.0/go.mod h1:iKH77koFhYxTK1pcRnkKkqfTogsbg7gZNVY4sRDYZ/4=
github.com/stretchr/testify v1.2.2 h1:bSDNvY7ZPG5RlJ8otE/7V6gMiyenm9RtJ7IUVIAoJ1w=
github.com/stretchr/testify v1.2.2/go.mod h1:a8OnRcib4nhh0OaRAV+Yts87kKdq0PP7pXfy6kDkUVs=
golang.org/x/net v0.0.0-20180811021610-c39426892332 h1:efGso+ep0DjyCBJPjvoz0HI6UldX4Md2F1rZFe1ir0E=
golang.org/x/net v0.0.0-20180811021610-c39426892332/go.mod h1:mL1N/T3taQHkDXs73rZJwtUhF3w3ftmwwsq0BUmARs4=
gopkg.in/check.v1 v0.0.0-20161208181325-20d25e280405 h1:yhCVgyC4o1eVCa2tZl7eS0r+SDo693bJlVdllGtEeKM=
gopkg.in/check.v1 v0.0.0-20161208181325-20d25e280405/go.mod h1:Co6ibVJAznAaIkqp8huTwlJQCZ016jof/cbN4VW5Yz0=
gopkg.in/tomb.v2 v2.0.0-20161208151619-d5d1b5820637 h1:yiW+nvdHb9LVqSHQBXfZCieqV4fzYhNBql77zY0ykqs=
gopkg.in/tomb.v2 v2.0.0-20161208151619-d5d1b5820637/go.mod h1:BHsqpu/nsuzkT5BpiH1EMZPLyqSMM8JbIavyFACoFNk=
gopkg.in/yaml.v2 v2.2.1 h1:mUhvW9EsL+naU5Q3cakzfE91YhliOondGd6ZrsDBHQE=
gopkg.in/yaml.v2 v2.2.1/go.mod h1:hI93XBmqTisBFMUTm0b8Fm+jr3Dg1NNxqwp+5A1VGuI=
