# This file is autogenerated, do not edit; changes may be undone by the next 'dep ensure'.


[[projects]]
  branch = "master"
  name = "github.com/TheCacophonyProject/go-cptv"
  packages = ["."]
  revision = "140b44bcf2bed2678d5dacebd328ca709309f18f"

[[projects]]
  branch = "master"
  name = "github.com/TheCacophonyProject/lepton3"
  packages = ["."]
  revision = "24af961474c7feb0c8f92911c371e18c0fccfb0c"

[[projects]]
  branch = "master"
  name = "github.com/TheCacophonyProject/window"
  packages = ["."]
  revision = "4e43785eca90dbe76573ecc47352b9ab1912d93e"

[[projects]]
  branch = "master"
  name = "github.com/alexflint/go-arg"
  packages = ["."]
  revision = "f7c0423bd11ee80ab81d25c6d46f492998af8547"

[[projects]]
  branch = "master"
  name = "github.com/alexflint/go-scalar"
  packages = ["."]
  revision = "e80c3b7ed292b052c7083b6fd7154a8422c33f65"

[[projects]]
  name = "github.com/coreos/go-systemd"
  packages = ["daemon"]
  revision = "39ca1b05acc7ad1220e09f133283b8859a8b71ab"
  version = "v17"

[[projects]]
  name = "github.com/davecgh/go-spew"
  packages = ["spew"]
  revision = "346938d642f2ec3594ed81d874461961cd0faa76"
  version = "v1.1.0"

[[projects]]
  branch = "master"
  name = "github.com/felixge/pidctrl"
  packages = ["."]
  revision = "7b13bcae7243fe17bbeb7dd5cd8b26675c8db048"

[[projects]]
  name = "github.com/godbus/dbus"
  packages = [
    ".",
    "introspect"
  ]
  revision = "a389bdde4dd695d414e47b755e95e72b7826432c"
  version = "v4.1.0"

[[projects]]
  name = "github.com/pmezard/go-difflib"
  packages = ["difflib"]
  revision = "792786c7400a136282c1664665ae0a8db921c6c2"
  version = "v1.0.0"

[[projects]]
  name = "github.com/stretchr/testify"
  packages = [
    "assert",
    "require"
  ]
  revision = "f35b8ab0b5a2cef36673838d662e249dd9c94686"
  version = "v1.2.2"

[[projects]]
  branch = "master"
  name = "golang.org/x/net"
  packages = ["context"]
  revision = "4cb1c02c05b0e749b0365f61ae859a8e0cfceed9"

[[projects]]
  branch = "v2"
  name = "gopkg.in/tomb.v2"
  packages = ["."]
  revision = "d5d1b5820637886def9eef33e03a27a9f166942c"

[[projects]]
  name = "gopkg.in/yaml.v2"
  packages = ["."]
  revision = "5420a8b6744d3b0345ab293f6fcba19c978f1183"
  version = "v2.2.1"

[[projects]]
  branch = "v2"
  name = "periph.io/x/periph"
  packages = [
    ".",
    "conn",
    "conn/gpio",
    "conn/gpio/gpioreg",
    "conn/i2c",
    "conn/i2c/i2creg",
    "conn/mmr",
    "conn/pin",
    "conn/pin/pinreg",
    "conn/spi",
    "conn/spi/spireg",
    "devices",
    "devices/lepton/cci",
    "devices/lepton/internal",
    "host",
    "host/allwinner",
    "host/bcm283x",
    "host/chip",
    "host/cpu",
    "host/distro",
    "host/fs",
    "host/odroidc1",
    "host/pine64",
    "host/pmem",
    "host/rpi",
    "host/sysfs",
    "host/videocore"
  ]
  revision = "d06ef89e37e829cc301f5babee628e6c6e36d7c5"
  source = "https://github.com/TheCacophonyProject/periph.git"

[solve-meta]
  analyzer-name = "dep"
  analyzer-version = 1
  inputs-digest = "ee53d0c411011b6b9a12880b7952e0aed3ba576fafe8034b54d10ec12ce58ba7"
  solver-name = "gps-cdcl"
  solver-version = 1
