# This file is autogenerated, do not edit; changes may be undone by the next 'dep ensure'.


[[projects]]
  branch = "master"
  name = "github.com/TheCacophonyProject/go-cptv"
  packages = ["."]
  revision = "1c46f1b86aa474833885988bad51f33ba49ac664"

[[projects]]
  branch = "master"
  name = "github.com/TheCacophonyProject/lepton3"
  packages = ["."]
  revision = "6072007c52aa6487766f1a5c66eb3221a8d881e0"

[[projects]]
  branch = "master"
  name = "github.com/alexflint/go-arg"
  packages = ["."]
  revision = "59fccacb2679dde66e0b20ed65bd26178fcbf54e"

[[projects]]
  branch = "master"
  name = "github.com/alexflint/go-scalar"
  packages = ["."]
  revision = "e80c3b7ed292b052c7083b6fd7154a8422c33f65"

[[projects]]
  name = "github.com/davecgh/go-spew"
  packages = ["spew"]
  revision = "346938d642f2ec3594ed81d874461961cd0faa76"
  version = "v1.1.0"

[[projects]]
  name = "github.com/pmezard/go-difflib"
  packages = ["difflib"]
  revision = "792786c7400a136282c1664665ae0a8db921c6c2"
  version = "v1.0.0"

[[projects]]
  name = "github.com/stretchr/testify"
  packages = ["assert","require"]
  revision = "69483b4bd14f5845b5a1e55bca19e954e827f1d0"
  version = "v1.1.4"

[[projects]]
  branch = "master"
  name = "golang.org/x/net"
  packages = ["context"]
  revision = "0744d001aa8470aaa53df28d32e5ceeb8af9bd70"

[[projects]]
  branch = "v2"
  name = "gopkg.in/tomb.v2"
  packages = ["."]
  revision = "d5d1b5820637886def9eef33e03a27a9f166942c"

[[projects]]
  branch = "v2"
  name = "gopkg.in/yaml.v2"
  packages = ["."]
  revision = "eb3733d160e74a9c7e442f435eb3bea458e1d19f"

[[projects]]
  branch = "v2"
  name = "periph.io/x/periph"
  packages = [".","conn","conn/gpio","conn/gpio/gpioreg","conn/i2c","conn/i2c/i2creg","conn/mmr","conn/pin","conn/pin/pinreg","conn/spi","conn/spi/spireg","devices","devices/lepton/cci","devices/lepton/internal","host","host/allwinner","host/bcm283x","host/chip","host/cpu","host/distro","host/fs","host/odroidc1","host/pine64","host/pmem","host/rpi","host/sysfs","host/videocore"]
  revision = "4abd9a80f539d5ad53cbee700a57b4492c04dd03"
  source = "https://github.com/TheCacophonyProject/periph.git"

[solve-meta]
  analyzer-name = "dep"
  analyzer-version = 1
  inputs-digest = "cd4307d1ec352393abe0c2019d0b7c37c92e6f1ead1040644215d042de3e8b0c"
  solver-name = "gps-cdcl"
  solver-version = 1
